// !$*UTF8*$!
{
	archiveVersion = 1;
	classes = {
	};
	objectVersion = 50;
	objects = {

/* Begin PBXBuildFile section */
		DAB625192084556500738BAC /* AppDelegate.swift in Sources */ = {isa = PBXBuildFile; fileRef = DAB625182084556500738BAC /* AppDelegate.swift */; };
		DAB6251B2084556500738BAC /* ViewController.swift in Sources */ = {isa = PBXBuildFile; fileRef = DAB6251A2084556500738BAC /* ViewController.swift */; };
		DAB6251E2084556500738BAC /* Main.storyboard in Resources */ = {isa = PBXBuildFile; fileRef = DAB6251C2084556500738BAC /* Main.storyboard */; };
		DAB625212084556500738BAC /* CameraTest.xcdatamodeld in Sources */ = {isa = PBXBuildFile; fileRef = DAB6251F2084556500738BAC /* CameraTest.xcdatamodeld */; };
		DAB625232084556600738BAC /* Assets.xcassets in Resources */ = {isa = PBXBuildFile; fileRef = DAB625222084556600738BAC /* Assets.xcassets */; };
		DAB625262084556600738BAC /* LaunchScreen.storyboard in Resources */ = {isa = PBXBuildFile; fileRef = DAB625242084556600738BAC /* LaunchScreen.storyboard */; };
		DAB625312084556600738BAC /* CameraTestTests.swift in Sources */ = {isa = PBXBuildFile; fileRef = DAB625302084556600738BAC /* CameraTestTests.swift */; };
		DAB6253C2084556600738BAC /* CameraTestUITests.swift in Sources */ = {isa = PBXBuildFile; fileRef = DAB6253B2084556600738BAC /* CameraTestUITests.swift */; };
/* End PBXBuildFile section */

/* Begin PBXContainerItemProxy section */
		DAB6252D2084556600738BAC /* PBXContainerItemProxy */ = {
			isa = PBXContainerItemProxy;
			containerPortal = DAB6250D2084556500738BAC /* Project object */;
			proxyType = 1;
			remoteGlobalIDString = DAB625142084556500738BAC;
			remoteInfo = CameraTest;
		};
		DAB625382084556600738BAC /* PBXContainerItemProxy */ = {
			isa = PBXContainerItemProxy;
			containerPortal = DAB6250D2084556500738BAC /* Project object */;
			proxyType = 1;
			remoteGlobalIDString = DAB625142084556500738BAC;
			remoteInfo = CameraTest;
		};
/* End PBXContainerItemProxy section */

/* Begin PBXFileReference section */
		DAB625152084556500738BAC /* CameraTest.app */ = {isa = PBXFileReference; explicitFileType = wrapper.application; includeInIndex = 0; path = CameraTest.app; sourceTree = BUILT_PRODUCTS_DIR; };
		DAB625182084556500738BAC /* AppDelegate.swift */ = {isa = PBXFileReference; lastKnownFileType = sourcecode.swift; path = AppDelegate.swift; sourceTree = "<group>"; };
		DAB6251A2084556500738BAC /* ViewController.swift */ = {isa = PBXFileReference; lastKnownFileType = sourcecode.swift; path = ViewController.swift; sourceTree = "<group>"; };
		DAB6251D2084556500738BAC /* Base */ = {isa = PBXFileReference; lastKnownFileType = file.storyboard; name = Base; path = Base.lproj/Main.storyboard; sourceTree = "<group>"; };
		DAB625202084556500738BAC /* CameraTest.xcdatamodel */ = {isa = PBXFileReference; lastKnownFileType = wrapper.xcdatamodel; path = CameraTest.xcdatamodel; sourceTree = "<group>"; };
		DAB625222084556600738BAC /* Assets.xcassets */ = {isa = PBXFileReference; lastKnownFileType = folder.assetcatalog; path = Assets.xcassets; sourceTree = "<group>"; };
		DAB625252084556600738BAC /* Base */ = {isa = PBXFileReference; lastKnownFileType = file.storyboard; name = Base; path = Base.lproj/LaunchScreen.storyboard; sourceTree = "<group>"; };
		DAB625272084556600738BAC /* Info.plist */ = {isa = PBXFileReference; lastKnownFileType = text.plist.xml; path = Info.plist; sourceTree = "<group>"; };
		DAB6252C2084556600738BAC /* CameraTestTests.xctest */ = {isa = PBXFileReference; explicitFileType = wrapper.cfbundle; includeInIndex = 0; path = CameraTestTests.xctest; sourceTree = BUILT_PRODUCTS_DIR; };
		DAB625302084556600738BAC /* CameraTestTests.swift */ = {isa = PBXFileReference; lastKnownFileType = sourcecode.swift; path = CameraTestTests.swift; sourceTree = "<group>"; };
		DAB625322084556600738BAC /* Info.plist */ = {isa = PBXFileReference; lastKnownFileType = text.plist.xml; path = Info.plist; sourceTree = "<group>"; };
		DAB625372084556600738BAC /* CameraTestUITests.xctest */ = {isa = PBXFileReference; explicitFileType = wrapper.cfbundle; includeInIndex = 0; path = CameraTestUITests.xctest; sourceTree = BUILT_PRODUCTS_DIR; };
		DAB6253B2084556600738BAC /* CameraTestUITests.swift */ = {isa = PBXFileReference; lastKnownFileType = sourcecode.swift; path = CameraTestUITests.swift; sourceTree = "<group>"; };
		DAB6253D2084556600738BAC /* Info.plist */ = {isa = PBXFileReference; lastKnownFileType = text.plist.xml; path = Info.plist; sourceTree = "<group>"; };
/* End PBXFileReference section */

/* Begin PBXFrameworksBuildPhase section */
		DAB625122084556500738BAC /* Frameworks */ = {
			isa = PBXFrameworksBuildPhase;
			buildActionMask = 2147483647;
			files = (
			);
			runOnlyForDeploymentPostprocessing = 0;
		};
		DAB625292084556600738BAC /* Frameworks */ = {
			isa = PBXFrameworksBuildPhase;
			buildActionMask = 2147483647;
			files = (
			);
			runOnlyForDeploymentPostprocessing = 0;
		};
		DAB625342084556600738BAC /* Frameworks */ = {
			isa = PBXFrameworksBuildPhase;
			buildActionMask = 2147483647;
			files = (
			);
			runOnlyForDeploymentPostprocessing = 0;
		};
/* End PBXFrameworksBuildPhase section */

/* Begin PBXGroup section */
		DAB6250C2084556500738BAC = {
			isa = PBXGroup;
			children = (
				DAB625172084556500738BAC /* CameraTest */,
				DAB6252F2084556600738BAC /* CameraTestTests */,
				DAB6253A2084556600738BAC /* CameraTestUITests */,
				DAB625162084556500738BAC /* Products */,
			);
			sourceTree = "<group>";
		};
		DAB625162084556500738BAC /* Products */ = {
			isa = PBXGroup;
			children = (
				DAB625152084556500738BAC /* CameraTest.app */,
				DAB6252C2084556600738BAC /* CameraTestTests.xctest */,
				DAB625372084556600738BAC /* CameraTestUITests.xctest */,
			);
			name = Products;
			sourceTree = "<group>";
		};
		DAB625172084556500738BAC /* CameraTest */ = {
			isa = PBXGroup;
			children = (
				DAB625182084556500738BAC /* AppDelegate.swift */,
				DAB6251A2084556500738BAC /* ViewController.swift */,
				DAB6251C2084556500738BAC /* Main.storyboard */,
				DAB625222084556600738BAC /* Assets.xcassets */,
				DAB625242084556600738BAC /* LaunchScreen.storyboard */,
				DAB625272084556600738BAC /* Info.plist */,
				DAB6251F2084556500738BAC /* CameraTest.xcdatamodeld */,
			);
			path = CameraTest;
			sourceTree = "<group>";
		};
		DAB6252F2084556600738BAC /* CameraTestTests */ = {
			isa = PBXGroup;
			children = (
				DAB625302084556600738BAC /* CameraTestTests.swift */,
				DAB625322084556600738BAC /* Info.plist */,
			);
			path = CameraTestTests;
			sourceTree = "<group>";
		};
		DAB6253A2084556600738BAC /* CameraTestUITests */ = {
			isa = PBXGroup;
			children = (
				DAB6253B2084556600738BAC /* CameraTestUITests.swift */,
				DAB6253D2084556600738BAC /* Info.plist */,
			);
			path = CameraTestUITests;
			sourceTree = "<group>";
		};
/* End PBXGroup section */

/* Begin PBXNativeTarget section */
		DAB625142084556500738BAC /* CameraTest */ = {
			isa = PBXNativeTarget;
			buildConfigurationList = DAB625402084556600738BAC /* Build configuration list for PBXNativeTarget "CameraTest" */;
			buildPhases = (
				DAB625112084556500738BAC /* Sources */,
				DAB625122084556500738BAC /* Frameworks */,
				DAB625132084556500738BAC /* Resources */,
			);
			buildRules = (
			);
			dependencies = (
			);
			name = CameraTest;
			productName = CameraTest;
			productReference = DAB625152084556500738BAC /* CameraTest.app */;
			productType = "com.apple.product-type.application";
		};
		DAB6252B2084556600738BAC /* CameraTestTests */ = {
			isa = PBXNativeTarget;
			buildConfigurationList = DAB625432084556600738BAC /* Build configuration list for PBXNativeTarget "CameraTestTests" */;
			buildPhases = (
				DAB625282084556600738BAC /* Sources */,
				DAB625292084556600738BAC /* Frameworks */,
				DAB6252A2084556600738BAC /* Resources */,
			);
			buildRules = (
			);
			dependencies = (
				DAB6252E2084556600738BAC /* PBXTargetDependency */,
			);
			name = CameraTestTests;
			productName = CameraTestTests;
			productReference = DAB6252C2084556600738BAC /* CameraTestTests.xctest */;
			productType = "com.apple.product-type.bundle.unit-test";
		};
		DAB625362084556600738BAC /* CameraTestUITests */ = {
			isa = PBXNativeTarget;
			buildConfigurationList = DAB625462084556600738BAC /* Build configuration list for PBXNativeTarget "CameraTestUITests" */;
			buildPhases = (
				DAB625332084556600738BAC /* Sources */,
				DAB625342084556600738BAC /* Frameworks */,
				DAB625352084556600738BAC /* Resources */,
			);
			buildRules = (
			);
			dependencies = (
				DAB625392084556600738BAC /* PBXTargetDependency */,
			);
			name = CameraTestUITests;
			productName = CameraTestUITests;
			productReference = DAB625372084556600738BAC /* CameraTestUITests.xctest */;
			productType = "com.apple.product-type.bundle.ui-testing";
		};
/* End PBXNativeTarget section */

/* Begin PBXProject section */
		DAB6250D2084556500738BAC /* Project object */ = {
			isa = PBXProject;
			attributes = {
				LastSwiftUpdateCheck = 0930;
				LastUpgradeCheck = 0930;
				ORGANIZATIONNAME = "CJ Good";
				TargetAttributes = {
					DAB625142084556500738BAC = {
						CreatedOnToolsVersion = 9.3;
					};
					DAB6252B2084556600738BAC = {
						CreatedOnToolsVersion = 9.3;
						TestTargetID = DAB625142084556500738BAC;
					};
					DAB625362084556600738BAC = {
						CreatedOnToolsVersion = 9.3;
						TestTargetID = DAB625142084556500738BAC;
					};
				};
			};
			buildConfigurationList = DAB625102084556500738BAC /* Build configuration list for PBXProject "CameraTest" */;
			compatibilityVersion = "Xcode 9.3";
			developmentRegion = en;
			hasScannedForEncodings = 0;
			knownRegions = (
				en,
				Base,
			);
			mainGroup = DAB6250C2084556500738BAC;
			productRefGroup = DAB625162084556500738BAC /* Products */;
			projectDirPath = "";
			projectRoot = "";
			targets = (
				DAB625142084556500738BAC /* CameraTest */,
				DAB6252B2084556600738BAC /* CameraTestTests */,
				DAB625362084556600738BAC /* CameraTestUITests */,
			);
		};
/* End PBXProject section */

/* Begin PBXResourcesBuildPhase section */
		DAB625132084556500738BAC /* Resources */ = {
			isa = PBXResourcesBuildPhase;
			buildActionMask = 2147483647;
			files = (
				DAB625262084556600738BAC /* LaunchScreen.storyboard in Resources */,
				DAB625232084556600738BAC /* Assets.xcassets in Resources */,
				DAB6251E2084556500738BAC /* Main.storyboard in Resources */,
			);
			runOnlyForDeploymentPostprocessing = 0;
		};
		DAB6252A2084556600738BAC /* Resources */ = {
			isa = PBXResourcesBuildPhase;
			buildActionMask = 2147483647;
			files = (
			);
			runOnlyForDeploymentPostprocessing = 0;
		};
		DAB625352084556600738BAC /* Resources */ = {
			isa = PBXResourcesBuildPhase;
			buildActionMask = 2147483647;
			files = (
			);
			runOnlyForDeploymentPostprocessing = 0;
		};
/* End PBXResourcesBuildPhase section */

/* Begin PBXSourcesBuildPhase section */
		DAB625112084556500738BAC /* Sources */ = {
			isa = PBXSourcesBuildPhase;
			buildActionMask = 2147483647;
			files = (
				DAB6251B2084556500738BAC /* ViewController.swift in Sources */,
				DAB625192084556500738BAC /* AppDelegate.swift in Sources */,
				DAB625212084556500738BAC /* CameraTest.xcdatamodeld in Sources */,
			);
			runOnlyForDeploymentPostprocessing = 0;
		};
		DAB625282084556600738BAC /* Sources */ = {
			isa = PBXSourcesBuildPhase;
			buildActionMask = 2147483647;
			files = (
				DAB625312084556600738BAC /* CameraTestTests.swift in Sources */,
			);
			runOnlyForDeploymentPostprocessing = 0;
		};
		DAB625332084556600738BAC /* Sources */ = {
			isa = PBXSourcesBuildPhase;
			buildActionMask = 2147483647;
			files = (
				DAB6253C2084556600738BAC /* CameraTestUITests.swift in Sources */,
			);
			runOnlyForDeploymentPostprocessing = 0;
		};
/* End PBXSourcesBuildPhase section */

/* Begin PBXTargetDependency section */
		DAB6252E2084556600738BAC /* PBXTargetDependency */ = {
			isa = PBXTargetDependency;
			target = DAB625142084556500738BAC /* CameraTest */;
			targetProxy = DAB6252D2084556600738BAC /* PBXContainerItemProxy */;
		};
		DAB625392084556600738BAC /* PBXTargetDependency */ = {
			isa = PBXTargetDependency;
			target = DAB625142084556500738BAC /* CameraTest */;
			targetProxy = DAB625382084556600738BAC /* PBXContainerItemProxy */;
		};
/* End PBXTargetDependency section */

/* Begin PBXVariantGroup section */
		DAB6251C2084556500738BAC /* Main.storyboard */ = {
			isa = PBXVariantGroup;
			children = (
				DAB6251D2084556500738BAC /* Base */,
			);
			name = Main.storyboard;
			sourceTree = "<group>";
		};
		DAB625242084556600738BAC /* LaunchScreen.storyboard */ = {
			isa = PBXVariantGroup;
			children = (
				DAB625252084556600738BAC /* Base */,
			);
			name = LaunchScreen.storyboard;
			sourceTree = "<group>";
		};
/* End PBXVariantGroup section */

/* Begin XCBuildConfiguration section */
		DAB6253E2084556600738BAC /* Debug */ = {
			isa = XCBuildConfiguration;
			buildSettings = {
				ALWAYS_SEARCH_USER_PATHS = NO;
				CLANG_ANALYZER_NONNULL = YES;
				CLANG_ANALYZER_NUMBER_OBJECT_CONVERSION = YES_AGGRESSIVE;
				CLANG_CXX_LANGUAGE_STANDARD = "gnu++14";
				CLANG_CXX_LIBRARY = "libc++";
				CLANG_ENABLE_MODULES = YES;
				CLANG_ENABLE_OBJC_ARC = YES;
				CLANG_ENABLE_OBJC_WEAK = YES;
				CLANG_WARN_BLOCK_CAPTURE_AUTORELEASING = YES;
				CLANG_WARN_BOOL_CONVERSION = YES;
				CLANG_WARN_COMMA = YES;
				CLANG_WARN_CONSTANT_CONVERSION = YES;
				CLANG_WARN_DEPRECATED_OBJC_IMPLEMENTATIONS = YES;
				CLANG_WARN_DIRECT_OBJC_ISA_USAGE = YES_ERROR;
				CLANG_WARN_DOCUMENTATION_COMMENTS = YES;
				CLANG_WARN_EMPTY_BODY = YES;
				CLANG_WARN_ENUM_CONVERSION = YES;
				CLANG_WARN_INFINITE_RECURSION = YES;
				CLANG_WARN_INT_CONVERSION = YES;
				CLANG_WARN_NON_LITERAL_NULL_CONVERSION = YES;
				CLANG_WARN_OBJC_IMPLICIT_RETAIN_SELF = YES;
				CLANG_WARN_OBJC_LITERAL_CONVERSION = YES;
				CLANG_WARN_OBJC_ROOT_CLASS = YES_ERROR;
				CLANG_WARN_RANGE_LOOP_ANALYSIS = YES;
				CLANG_WARN_STRICT_PROTOTYPES = YES;
				CLANG_WARN_SUSPICIOUS_MOVE = YES;
				CLANG_WARN_UNGUARDED_AVAILABILITY = YES_AGGRESSIVE;
				CLANG_WARN_UNREACHABLE_CODE = YES;
				CLANG_WARN__DUPLICATE_METHOD_MATCH = YES;
				CODE_SIGN_IDENTITY = "iPhone Developer";
				COPY_PHASE_STRIP = NO;
				DEBUG_INFORMATION_FORMAT = dwarf;
				ENABLE_STRICT_OBJC_MSGSEND = YES;
				ENABLE_TESTABILITY = YES;
				GCC_C_LANGUAGE_STANDARD = gnu11;
				GCC_DYNAMIC_NO_PIC = NO;
				GCC_NO_COMMON_BLOCKS = YES;
				GCC_OPTIMIZATION_LEVEL = 0;
				GCC_PREPROCESSOR_DEFINITIONS = (
					"DEBUG=1",
					"$(inherited)",
				);
				GCC_WARN_64_TO_32_BIT_CONVERSION = YES;
				GCC_WARN_ABOUT_RETURN_TYPE = YES_ERROR;
				GCC_WARN_UNDECLARED_SELECTOR = YES;
				GCC_WARN_UNINITIALIZED_AUTOS = YES_AGGRESSIVE;
				GCC_WARN_UNUSED_FUNCTION = YES;
				GCC_WARN_UNUSED_VARIABLE = YES;
				IPHONEOS_DEPLOYMENT_TARGET = 11.3;
				MTL_ENABLE_DEBUG_INFO = YES;
				ONLY_ACTIVE_ARCH = YES;
				SDKROOT = iphoneos;
				SWIFT_ACTIVE_COMPILATION_CONDITIONS = DEBUG;
				SWIFT_OPTIMIZATION_LEVEL = "-Onone";
			};
			name = Debug;
		};
		DAB6253F2084556600738BAC /* Release */ = {
			isa = XCBuildConfiguration;
			buildSettings = {
				ALWAYS_SEARCH_USER_PATHS = NO;
				CLANG_ANALYZER_NONNULL = YES;
				CLANG_ANALYZER_NUMBER_OBJECT_CONVERSION = YES_AGGRESSIVE;
				CLANG_CXX_LANGUAGE_STANDARD = "gnu++14";
				CLANG_CXX_LIBRARY = "libc++";
				CLANG_ENABLE_MODULES = YES;
				CLANG_ENABLE_OBJC_ARC = YES;
				CLANG_ENABLE_OBJC_WEAK = YES;
				CLANG_WARN_BLOCK_CAPTURE_AUTORELEASING = YES;
				CLANG_WARN_BOOL_CONVERSION = YES;
				CLANG_WARN_COMMA = YES;
				CLANG_WARN_CONSTANT_CONVERSION = YES;
				CLANG_WARN_DEPRECATED_OBJC_IMPLEMENTATIONS = YES;
				CLANG_WARN_DIRECT_OBJC_ISA_USAGE = YES_ERROR;
				CLANG_WARN_DOCUMENTATION_COMMENTS = YES;
				CLANG_WARN_EMPTY_BODY = YES;
				CLANG_WARN_ENUM_CONVERSION = YES;
				CLANG_WARN_INFINITE_RECURSION = YES;
				CLANG_WARN_INT_CONVERSION = YES;
				CLANG_WARN_NON_LITERAL_NULL_CONVERSION = YES;
				CLANG_WARN_OBJC_IMPLICIT_RETAIN_SELF = YES;
				CLANG_WARN_OBJC_LITERAL_CONVERSION = YES;
				CLANG_WARN_OBJC_ROOT_CLASS = YES_ERROR;
				CLANG_WARN_RANGE_LOOP_ANALYSIS = YES;
				CLANG_WARN_STRICT_PROTOTYPES = YES;
				CLANG_WARN_SUSPICIOUS_MOVE = YES;
				CLANG_WARN_UNGUARDED_AVAILABILITY = YES_AGGRESSIVE;
				CLANG_WARN_UNREACHABLE_CODE = YES;
				CLANG_WARN__DUPLICATE_METHOD_MATCH = YES;
				CODE_SIGN_IDENTITY = "iPhone Developer";
				COPY_PHASE_STRIP = NO;
				DEBUG_INFORMATION_FORMAT = "dwarf-with-dsym";
				ENABLE_NS_ASSERTIONS = NO;
				ENABLE_STRICT_OBJC_MSGSEND = YES;
				GCC_C_LANGUAGE_STANDARD = gnu11;
				GCC_NO_COMMON_BLOCKS = YES;
				GCC_WARN_64_TO_32_BIT_CONVERSION = YES;
				GCC_WARN_ABOUT_RETURN_TYPE = YES_ERROR;
				GCC_WARN_UNDECLARED_SELECTOR = YES;
				GCC_WARN_UNINITIALIZED_AUTOS = YES_AGGRESSIVE;
				GCC_WARN_UNUSED_FUNCTION = YES;
				GCC_WARN_UNUSED_VARIABLE = YES;
				IPHONEOS_DEPLOYMENT_TARGET = 11.3;
				MTL_ENABLE_DEBUG_INFO = NO;
				SDKROOT = iphoneos;
				SWIFT_COMPILATION_MODE = wholemodule;
				SWIFT_OPTIMIZATION_LEVEL = "-O";
				VALIDATE_PRODUCT = YES;
			};
			name = Release;
		};
		DAB625412084556600738BAC /* Debug */ = {
			isa = XCBuildConfiguration;
			buildSettings = {
				ASSETCATALOG_COMPILER_APPICON_NAME = AppIcon;
				CODE_SIGN_STYLE = Automatic;
				DEVELOPMENT_TEAM = 3B9GVRQ56B;
				INFOPLIST_FILE = CameraTest/Info.plist;
				IPHONEOS_DEPLOYMENT_TARGET = 11.3;
				LD_RUNPATH_SEARCH_PATHS = (
					"$(inherited)",
					"@executable_path/Frameworks",
				);
				PRODUCT_BUNDLE_IDENTIFIER = CJGOODCO.CameraTest;
				PRODUCT_NAME = "$(TARGET_NAME)";
				SWIFT_VERSION = 4.0;
				TARGETED_DEVICE_FAMILY = "1,2";
			};
			name = Debug;
		};
		DAB625422084556600738BAC /* Release */ = {
			isa = XCBuildConfiguration;
			buildSettings = {
				ASSETCATALOG_COMPILER_APPICON_NAME = AppIcon;
				CODE_SIGN_STYLE = Automatic;
				DEVELOPMENT_TEAM = 3B9GVRQ56B;
				INFOPLIST_FILE = CameraTest/Info.plist;
				IPHONEOS_DEPLOYMENT_TARGET = 11.3;
				LD_RUNPATH_SEARCH_PATHS = (
					"$(inherited)",
					"@executable_path/Frameworks",
				);
				PRODUCT_BUNDLE_IDENTIFIER = CJGOODCO.CameraTest;
				PRODUCT_NAME = "$(TARGET_NAME)";
				SWIFT_VERSION = 4.0;
				TARGETED_DEVICE_FAMILY = "1,2";
			};
			name = Release;
		};
		DAB625442084556600738BAC /* Debug */ = {
			isa = XCBuildConfiguration;
			buildSettings = {
				ALWAYS_EMBED_SWIFT_STANDARD_LIBRARIES = YES;
				BUNDLE_LOADER = "$(TEST_HOST)";
				CODE_SIGN_STYLE = Automatic;
				DEVELOPMENT_TEAM = 3B9GVRQ56B;
				INFOPLIST_FILE = CameraTestTests/Info.plist;
				LD_RUNPATH_SEARCH_PATHS = (
					"$(inherited)",
					"@executable_path/Frameworks",
					"@loader_path/Frameworks",
				);
				PRODUCT_BUNDLE_IDENTIFIER = CJGOODCO.CameraTestTests;
				PRODUCT_NAME = "$(TARGET_NAME)";
				SWIFT_VERSION = 4.0;
				TARGETED_DEVICE_FAMILY = "1,2";
				TEST_HOST = "$(BUILT_PRODUCTS_DIR)/CameraTest.app/CameraTest";
			};
			name = Debug;
		};
		DAB625452084556600738BAC /* Release */ = {
			isa = XCBuildConfiguration;
			buildSettings = {
				ALWAYS_EMBED_SWIFT_STANDARD_LIBRARIES = YES;
				BUNDLE_LOADER = "$(TEST_HOST)";
				CODE_SIGN_STYLE = Automatic;
				DEVELOPMENT_TEAM = 3B9GVRQ56B;
				INFOPLIST_FILE = CameraTestTests/Info.plist;
				LD_RUNPATH_SEARCH_PATHS = (
					"$(inherited)",
					"@executable_path/Frameworks",
					"@loader_path/Frameworks",
				);
				PRODUCT_BUNDLE_IDENTIFIER = CJGOODCO.CameraTestTests;
				PRODUCT_NAME = "$(TARGET_NAME)";
				SWIFT_VERSION = 4.0;
				TARGETED_DEVICE_FAMILY = "1,2";
				TEST_HOST = "$(BUILT_PRODUCTS_DIR)/CameraTest.app/CameraTest";
			};
			name = Release;
		};
		DAB625472084556600738BAC /* Debug */ = {
			isa = XCBuildConfiguration;
			buildSettings = {
				ALWAYS_EMBED_SWIFT_STANDARD_LIBRARIES = YES;
				CODE_SIGN_STYLE = Automatic;
				DEVELOPMENT_TEAM = 3B9GVRQ56B;
				INFOPLIST_FILE = CameraTestUITests/Info.plist;
				LD_RUNPATH_SEARCH_PATHS = (
					"$(inherited)",
					"@executable_path/Frameworks",
					"@loader_path/Frameworks",
				);
				PRODUCT_BUNDLE_IDENTIFIER = CJGOODCO.CameraTestUITests;
				PRODUCT_NAME = "$(TARGET_NAME)";
				SWIFT_VERSION = 4.0;
				TARGETED_DEVICE_FAMILY = "1,2";
				TEST_TARGET_NAME = CameraTest;
			};
			name = Debug;
		};
		DAB625482084556600738BAC /* Release */ = {
			isa = XCBuildConfiguration;
			buildSettings = {
				ALWAYS_EMBED_SWIFT_STANDARD_LIBRARIES = YES;
				CODE_SIGN_STYLE = Automatic;
				DEVELOPMENT_TEAM = 3B9GVRQ56B;
				INFOPLIST_FILE = CameraTestUITests/Info.plist;
				LD_RUNPATH_SEARCH_PATHS = (
					"$(inherited)",
					"@executable_path/Frameworks",
					"@loader_path/Frameworks",
				);
				PRODUCT_BUNDLE_IDENTIFIER = CJGOODCO.CameraTestUITests;
				PRODUCT_NAME = "$(TARGET_NAME)";
				SWIFT_VERSION = 4.0;
				TARGETED_DEVICE_FAMILY = "1,2";
				TEST_TARGET_NAME = CameraTest;
			};
			name = Release;
		};
/* End XCBuildConfiguration section */

/* Begin XCConfigurationList section */
		DAB625102084556500738BAC /* Build configuration list for PBXProject "CameraTest" */ = {
			isa = XCConfigurationList;
			buildConfigurations = (
				DAB6253E2084556600738BAC /* Debug */,
				DAB6253F2084556600738BAC /* Release */,
			);
			defaultConfigurationIsVisible = 0;
			defaultConfigurationName = Release;
		};
		DAB625402084556600738BAC /* Build configuration list for PBXNativeTarget "CameraTest" */ = {
			isa = XCConfigurationList;
			buildConfigurations = (
				DAB625412084556600738BAC /* Debug */,
				DAB625422084556600738BAC /* Release */,
			);
			defaultConfigurationIsVisible = 0;
			defaultConfigurationName = Release;
		};
		DAB625432084556600738BAC /* Build configuration list for PBXNativeTarget "CameraTestTests" */ = {
			isa = XCConfigurationList;
			buildConfigurations = (
				DAB625442084556600738BAC /* Debug */,
				DAB625452084556600738BAC /* Release */,
			);
			defaultConfigurationIsVisible = 0;
			defaultConfigurationName = Release;
		};
		DAB625462084556600738BAC /* Build configuration list for PBXNativeTarget "CameraTestUITests" */ = {
			isa = XCConfigurationList;
			buildConfigurations = (
				DAB625472084556600738BAC /* Debug */,
				DAB625482084556600738BAC /* Release */,
			);
			defaultConfigurationIsVisible = 0;
			defaultConfigurationName = Release;
		};
/* End XCConfigurationList section */

/* Begin XCVersionGroup section */
		DAB6251F2084556500738BAC /* CameraTest.xcdatamodeld */ = {
			isa = XCVersionGroup;
			children = (
				DAB625202084556500738BAC /* CameraTest.xcdatamodel */,
			);
			currentVersion = DAB625202084556500738BAC /* CameraTest.xcdatamodel */;
			path = CameraTest.xcdatamodeld;
			sourceTree = "<group>";
			versionGroupType = wrapper.xcdatamodel;
		};
/* End XCVersionGroup section */
	};
	rootObject = DAB6250D2084556500738BAC /* Project object */;
}
